
Microsoft Visual Studio Solution File, Format Version 12.00
# Visual Studio Version 17
VisualStudioVersion = 17.2.32630.192
MinimumVisualStudioVersion = 10.0.40219.1
Project("{FAE04EC0-301F-11D3-BF4B-00C04F79EFBC}") = "ProductService", "ProductService\ProductService.csproj", "{FFC10D7D-2C4C-426C-83CB-F446E16ED3F0}"
EndProject
Global
	GlobalSection(SolutionConfigurationPlatforms) = preSolution
		Debug|Any CPU = Debug|Any CPU
		Release|Any CPU = Release|Any CPU
	EndGlobalSection
	GlobalSection(ProjectConfigurationPlatforms) = postSolution
		{FFC10D7D-2C4C-426C-83CB-F446E16ED3F0}.Debug|Any CPU.ActiveCfg = Debug|Any CPU
		{FFC10D7D-2C4C-426C-83CB-F446E16ED3F0}.Debug|Any CPU.Build.0 = Debug|Any CPU
		{FFC10D7D-2C4C-426C-83CB-F446E16ED3F0}.Release|Any CPU.ActiveCfg = Release|Any CPU
		{FFC10D7D-2C4C-426C-83CB-F446E16ED3F0}.Release|Any CPU.Build.0 = Release|Any CPU
	EndGlobalSection
	GlobalSection(SolutionProperties) = preSolution
		HideSolutionNode = FALSE
	EndGlobalSection
	GlobalSection(ExtensibilityGlobals) = postSolution
		SolutionGuid = {C02F82F8-DE76-4D2E-9508-2614BFD55E95}
	EndGlobalSection
EndGlobal
